
Microsoft Visual Studio Solution File, Format Version 12.00
# Visual Studio Version 17
VisualStudioVersion = 17.1.32414.318
MinimumVisualStudioVersion = 10.0.40219.1
Project("{FAE04EC0-301F-11D3-BF4B-00C04F79EFBC}") = "MP.BlazorStateDemo", "MP.BlazorStateDemo\MP.BlazorStateDemo.csproj", "{B0B70095-7DBE-4D4E-A7EC-A4759FE6CC19}"
EndProject
Project("{FAE04EC0-301F-11D3-BF4B-00C04F79EFBC}") = "MP.BlazorStateDemo.Tests", "MP.BlazorStateDemo.Tests\MP.BlazorStateDemo.Tests.csproj", "{F4105474-EFC6-4ABF-83C6-E4277C8024D9}"
EndProject
Global
	GlobalSection(SolutionConfigurationPlatforms) = preSolution
		Debug|Any CPU = Debug|Any CPU
		Release|Any CPU = Release|Any CPU
	EndGlobalSection
	GlobalSection(ProjectConfigurationPlatforms) = postSolution
		{B0B70095-7DBE-4D4E-A7EC-A4759FE6CC19}.Debug|Any CPU.ActiveCfg = Debug|Any CPU
		{B0B70095-7DBE-4D4E-A7EC-A4759FE6CC19}.Debug|Any CPU.Build.0 = Debug|Any CPU
		{B0B70095-7DBE-4D4E-A7EC-A4759FE6CC19}.Release|Any CPU.ActiveCfg = Release|Any CPU
		{B0B70095-7DBE-4D4E-A7EC-A4759FE6CC19}.Release|Any CPU.Build.0 = Release|Any CPU
		{F4105474-EFC6-4ABF-83C6-E4277C8024D9}.Debug|Any CPU.ActiveCfg = Debug|Any CPU
		{F4105474-EFC6-4ABF-83C6-E4277C8024D9}.Debug|Any CPU.Build.0 = Debug|Any CPU
		{F4105474-EFC6-4ABF-83C6-E4277C8024D9}.Release|Any CPU.ActiveCfg = Release|Any CPU
		{F4105474-EFC6-4ABF-83C6-E4277C8024D9}.Release|Any CPU.Build.0 = Release|Any CPU
	EndGlobalSection
	GlobalSection(SolutionProperties) = preSolution
		HideSolutionNode = FALSE
	EndGlobalSection
	GlobalSection(ExtensibilityGlobals) = postSolution
		SolutionGuid = {F40D28E6-034D-46D4-86D6-3E4464A8BF1C}
	EndGlobalSection
EndGlobal
